
Microsoft Visual Studio Solution File, Format Version 12.00
# Visual Studio 15
VisualStudioVersion = 15.0.28307.168
MinimumVisualStudioVersion = 10.0.40219.1
Project("{9A19103F-16F7-4668-BE54-9A1E7A4F7556}") = "TestSample", "DevOps_DotNet.Tests\TestSample.csproj", "{8C7E3E31-4B23-411B-A4EB-AF36D027D5ED}"
EndProject
Project("{9A19103F-16F7-4668-BE54-9A1E7A4F7556}") = "EntityFramework", "EntityFramework\EntityFramework.csproj", "{AF1A269C-5D46-4B00-B2FD-AB663193B2BB}"
EndProject
Project("{9A19103F-16F7-4668-BE54-9A1E7A4F7556}") = "DevOps_DotNet", "DevOps_DotNet\DevOps_DotNet.csproj", "{EABDDED8-4B51-4F59-9E7A-4E0563B7E899}"
EndProject
Global
	GlobalSection(SolutionConfigurationPlatforms) = preSolution
		Debug|Any CPU = Debug|Any CPU
		Release|Any CPU = Release|Any CPU
	EndGlobalSection
	GlobalSection(ProjectConfigurationPlatforms) = postSolution
		{8C7E3E31-4B23-411B-A4EB-AF36D027D5ED}.Debug|Any CPU.ActiveCfg = Debug|Any CPU
		{8C7E3E31-4B23-411B-A4EB-AF36D027D5ED}.Debug|Any CPU.Build.0 = Debug|Any CPU
		{8C7E3E31-4B23-411B-A4EB-AF36D027D5ED}.Release|Any CPU.ActiveCfg = Release|Any CPU
		{8C7E3E31-4B23-411B-A4EB-AF36D027D5ED}.Release|Any CPU.Build.0 = Release|Any CPU
		{AF1A269C-5D46-4B00-B2FD-AB663193B2BB}.Debug|Any CPU.ActiveCfg = Debug|Any CPU
		{AF1A269C-5D46-4B00-B2FD-AB663193B2BB}.Debug|Any CPU.Build.0 = Debug|Any CPU
		{AF1A269C-5D46-4B00-B2FD-AB663193B2BB}.Release|Any CPU.ActiveCfg = Release|Any CPU
		{AF1A269C-5D46-4B00-B2FD-AB663193B2BB}.Release|Any CPU.Build.0 = Release|Any CPU
		{EABDDED8-4B51-4F59-9E7A-4E0563B7E899}.Debug|Any CPU.ActiveCfg = Debug|Any CPU
		{EABDDED8-4B51-4F59-9E7A-4E0563B7E899}.Debug|Any CPU.Build.0 = Debug|Any CPU
		{EABDDED8-4B51-4F59-9E7A-4E0563B7E899}.Release|Any CPU.ActiveCfg = Release|Any CPU
		{EABDDED8-4B51-4F59-9E7A-4E0563B7E899}.Release|Any CPU.Build.0 = Release|Any CPU
	EndGlobalSection
	GlobalSection(SolutionProperties) = preSolution
		HideSolutionNode = FALSE
	EndGlobalSection
	GlobalSection(ExtensibilityGlobals) = postSolution
		SolutionGuid = {AE1A6170-67C3-4791-9FAB-F23EF103CE3F}
	EndGlobalSection
EndGlobal
